
Microsoft Visual Studio Solution File, Format Version 12.00
Project("{FAE04EC0-301F-11D3-BF4B-00C04F79EFBC}") = "Bit8.Students.WebApi", "Bit8.Students.WebApi\Bit8.Students.WebApi.csproj", "{5F233EB1-7B1B-4DF4-A2A8-FF4BD364F474}"
EndProject
Project("{FAE04EC0-301F-11D3-BF4B-00C04F79EFBC}") = "Bit8.Students.Persistence", "Bit8.Students.Persistence\Bit8.Students.Persistence.csproj", "{2F0C21BC-7EA7-4975-B185-9A06E1E14F06}"
EndProject
Project("{FAE04EC0-301F-11D3-BF4B-00C04F79EFBC}") = "Bit8.Students.Common", "Bit8.Students.Common\Bit8.Students.Common.csproj", "{57607302-3E95-429C-B1DB-33C796E292B0}"
EndProject
Project("{FAE04EC0-301F-11D3-BF4B-00C04F79EFBC}") = "Bit8.Students.Domain", "Bit8.Students.Domain\Bit8.Students.Domain.csproj", "{C0F12408-601B-431F-91DD-82594E2B1C55}"
EndProject
Project("{FAE04EC0-301F-11D3-BF4B-00C04F79EFBC}") = "Bit8.Students.Services", "Bit8.Students.Services\Bit8.Students.Services.csproj", "{1E66D93A-5B4E-45D6-A2DA-E9C164AD9EBE}"
EndProject
Project("{FAE04EC0-301F-11D3-BF4B-00C04F79EFBC}") = "Bit8.Students.Query", "Bit8.Students.Query\Bit8.Students.Query.csproj", "{EB27EEB8-C985-4644-909B-B438AC151D69}"
EndProject
Project("{2150E333-8FDC-42A3-9474-1A3956D46DE8}") = "Tests", "Tests", "{F3C76D98-F5D4-4071-AF99-65967FBA8CBD}"
EndProject
Project("{FAE04EC0-301F-11D3-BF4B-00C04F79EFBC}") = "Bit8.Students.Services.Tests", "Bit8.Students.Services.Tests\Bit8.Students.Services.Tests.csproj", "{D8D3F604-8B2A-4B47-BCF4-1D8CB241499A}"
EndProject
Global
	GlobalSection(SolutionConfigurationPlatforms) = preSolution
		Debug|Any CPU = Debug|Any CPU
		Release|Any CPU = Release|Any CPU
	EndGlobalSection
	GlobalSection(ProjectConfigurationPlatforms) = postSolution
		{5F233EB1-7B1B-4DF4-A2A8-FF4BD364F474}.Debug|Any CPU.ActiveCfg = Debug|Any CPU
		{5F233EB1-7B1B-4DF4-A2A8-FF4BD364F474}.Debug|Any CPU.Build.0 = Debug|Any CPU
		{5F233EB1-7B1B-4DF4-A2A8-FF4BD364F474}.Release|Any CPU.ActiveCfg = Release|Any CPU
		{5F233EB1-7B1B-4DF4-A2A8-FF4BD364F474}.Release|Any CPU.Build.0 = Release|Any CPU
		{2F0C21BC-7EA7-4975-B185-9A06E1E14F06}.Debug|Any CPU.ActiveCfg = Debug|Any CPU
		{2F0C21BC-7EA7-4975-B185-9A06E1E14F06}.Debug|Any CPU.Build.0 = Debug|Any CPU
		{2F0C21BC-7EA7-4975-B185-9A06E1E14F06}.Release|Any CPU.ActiveCfg = Release|Any CPU
		{2F0C21BC-7EA7-4975-B185-9A06E1E14F06}.Release|Any CPU.Build.0 = Release|Any CPU
		{57607302-3E95-429C-B1DB-33C796E292B0}.Debug|Any CPU.ActiveCfg = Debug|Any CPU
		{57607302-3E95-429C-B1DB-33C796E292B0}.Debug|Any CPU.Build.0 = Debug|Any CPU
		{57607302-3E95-429C-B1DB-33C796E292B0}.Release|Any CPU.ActiveCfg = Release|Any CPU
		{57607302-3E95-429C-B1DB-33C796E292B0}.Release|Any CPU.Build.0 = Release|Any CPU
		{C0F12408-601B-431F-91DD-82594E2B1C55}.Debug|Any CPU.ActiveCfg = Debug|Any CPU
		{C0F12408-601B-431F-91DD-82594E2B1C55}.Debug|Any CPU.Build.0 = Debug|Any CPU
		{C0F12408-601B-431F-91DD-82594E2B1C55}.Release|Any CPU.ActiveCfg = Release|Any CPU
		{C0F12408-601B-431F-91DD-82594E2B1C55}.Release|Any CPU.Build.0 = Release|Any CPU
		{1E66D93A-5B4E-45D6-A2DA-E9C164AD9EBE}.Debug|Any CPU.ActiveCfg = Debug|Any CPU
		{1E66D93A-5B4E-45D6-A2DA-E9C164AD9EBE}.Debug|Any CPU.Build.0 = Debug|Any CPU
		{1E66D93A-5B4E-45D6-A2DA-E9C164AD9EBE}.Release|Any CPU.ActiveCfg = Release|Any CPU
		{1E66D93A-5B4E-45D6-A2DA-E9C164AD9EBE}.Release|Any CPU.Build.0 = Release|Any CPU
		{EB27EEB8-C985-4644-909B-B438AC151D69}.Debug|Any CPU.ActiveCfg = Debug|Any CPU
		{EB27EEB8-C985-4644-909B-B438AC151D69}.Debug|Any CPU.Build.0 = Debug|Any CPU
		{EB27EEB8-C985-4644-909B-B438AC151D69}.Release|Any CPU.ActiveCfg = Release|Any CPU
		{EB27EEB8-C985-4644-909B-B438AC151D69}.Release|Any CPU.Build.0 = Release|Any CPU
		{D8D3F604-8B2A-4B47-BCF4-1D8CB241499A}.Debug|Any CPU.ActiveCfg = Debug|Any CPU
		{D8D3F604-8B2A-4B47-BCF4-1D8CB241499A}.Debug|Any CPU.Build.0 = Debug|Any CPU
		{D8D3F604-8B2A-4B47-BCF4-1D8CB241499A}.Release|Any CPU.ActiveCfg = Release|Any CPU
		{D8D3F604-8B2A-4B47-BCF4-1D8CB241499A}.Release|Any CPU.Build.0 = Release|Any CPU
	EndGlobalSection
	GlobalSection(NestedProjects) = preSolution
		{D8D3F604-8B2A-4B47-BCF4-1D8CB241499A} = {F3C76D98-F5D4-4071-AF99-65967FBA8CBD}
	EndGlobalSection
EndGlobal
